// !$*UTF8*$!
{
	archiveVersion = 1;
	classes = {
	};
	objectVersion = 55;
	objects = {

/* Begin PBXBuildFile section */
		491F60C4D028122285CFED00 /* Pods_Navigation.framework in Frameworks */ = {isa = PBXBuildFile; fileRef = 3273361F8E7406C701BFCC2D /* Pods_Navigation.framework */; };
		7484B0E289DD9430D2C5D028 /* Pods_StorageService.framework in Frameworks */ = {isa = PBXBuildFile; fileRef = 343A874C834C17D0AE385C79 /* Pods_StorageService.framework */; };
		861B235D2A2B5E160099CA6D /* AppDelegate.swift in Sources */ = {isa = PBXBuildFile; fileRef = 861B235C2A2B5E160099CA6D /* AppDelegate.swift */; };
		861B235F2A2B5E160099CA6D /* SceneDelegate.swift in Sources */ = {isa = PBXBuildFile; fileRef = 861B235E2A2B5E160099CA6D /* SceneDelegate.swift */; };
		861B23612A2B5E160099CA6D /* ViewController.swift in Sources */ = {isa = PBXBuildFile; fileRef = 861B23602A2B5E160099CA6D /* ViewController.swift */; };
		861B23662A2B5E180099CA6D /* Assets.xcassets in Resources */ = {isa = PBXBuildFile; fileRef = 861B23652A2B5E180099CA6D /* Assets.xcassets */; };
		861B23692A2B5E180099CA6D /* LaunchScreen.storyboard in Resources */ = {isa = PBXBuildFile; fileRef = 861B23672A2B5E180099CA6D /* LaunchScreen.storyboard */; };
		863C03682A4B0F4C006C40EB /* LogInViewController.swift in Sources */ = {isa = PBXBuildFile; fileRef = 863C03672A4B0F4C006C40EB /* LogInViewController.swift */; };
		865720152A3B246F00F6B3F6 /* InfoViewController.swift in Sources */ = {isa = PBXBuildFile; fileRef = 865720142A3B246F00F6B3F6 /* InfoViewController.swift */; };
		865720172A3B252300F6B3F6 /* FeedViewController.swift in Sources */ = {isa = PBXBuildFile; fileRef = 865720162A3B252300F6B3F6 /* FeedViewController.swift */; };
		865720192A3B25A600F6B3F6 /* PostViewController.swift in Sources */ = {isa = PBXBuildFile; fileRef = 865720182A3B25A600F6B3F6 /* PostViewController.swift */; };
		866B30BA2A725B4E001CADFB /* iOSIntPackage in Frameworks */ = {isa = PBXBuildFile; productRef = 866B30B92A725B4E001CADFB /* iOSIntPackage */; };
		867ED7B62A597106001A1D22 /* PostTableViewCell.swift in Sources */ = {isa = PBXBuildFile; fileRef = 867ED7B52A597106001A1D22 /* PostTableViewCell.swift */; };
		869F01FB2A349217007456E6 /* ProfileTableHeaderView.swift in Sources */ = {isa = PBXBuildFile; fileRef = 869F01FA2A349217007456E6 /* ProfileTableHeaderView.swift */; };
		869F01FD2A349500007456E6 /* ProfileViewController.swift in Sources */ = {isa = PBXBuildFile; fileRef = 869F01FC2A349500007456E6 /* ProfileViewController.swift */; };
		86A13E522A6FAF0000B5EE83 /* StorageService.docc in Sources */ = {isa = PBXBuildFile; fileRef = 86A13E512A6FAF0000B5EE83 /* StorageService.docc */; };
		86A13E582A6FAF0100B5EE83 /* StorageService.framework in Frameworks */ = {isa = PBXBuildFile; fileRef = 86A13E4E2A6FAF0000B5EE83 /* StorageService.framework */; };
		86A13E5F2A6FAF0100B5EE83 /* StorageServiceTests.swift in Sources */ = {isa = PBXBuildFile; fileRef = 86A13E5E2A6FAF0100B5EE83 /* StorageServiceTests.swift */; };
		86A13E602A6FAF0100B5EE83 /* StorageService.h in Headers */ = {isa = PBXBuildFile; fileRef = 86A13E502A6FAF0000B5EE83 /* StorageService.h */; settings = {ATTRIBUTES = (Public, ); }; };
		86A13E632A6FAF0100B5EE83 /* StorageService.framework in Frameworks */ = {isa = PBXBuildFile; fileRef = 86A13E4E2A6FAF0000B5EE83 /* StorageService.framework */; };
		86A13E642A6FAF0100B5EE83 /* StorageService.framework in Embed Frameworks */ = {isa = PBXBuildFile; fileRef = 86A13E4E2A6FAF0000B5EE83 /* StorageService.framework */; settings = {ATTRIBUTES = (CodeSignOnCopy, RemoveHeadersOnCopy, ); }; };
		86A13E6C2A6FB0FA00B5EE83 /* Post.swift in Sources */ = {isa = PBXBuildFile; fileRef = 865A9B052A5673FF00929A10 /* Post.swift */; };
		91E7F480E132EF38A6FD69B8 /* Pods_StorageService_StorageServiceTests.framework in Frameworks */ = {isa = PBXBuildFile; fileRef = CAC69692BAE0FAA5A2C132D4 /* Pods_StorageService_StorageServiceTests.framework */; };
/* End PBXBuildFile section */

/* Begin PBXContainerItemProxy section */
		86A13E592A6FAF0100B5EE83 /* PBXContainerItemProxy */ = {
			isa = PBXContainerItemProxy;
			containerPortal = 861B23512A2B5E160099CA6D /* Project object */;
			proxyType = 1;
			remoteGlobalIDString = 86A13E4D2A6FAF0000B5EE83;
			remoteInfo = StorageService;
		};
		86A13E5B2A6FAF0100B5EE83 /* PBXContainerItemProxy */ = {
			isa = PBXContainerItemProxy;
			containerPortal = 861B23512A2B5E160099CA6D /* Project object */;
			proxyType = 1;
			remoteGlobalIDString = 861B23582A2B5E160099CA6D;
			remoteInfo = Navigation;
		};
		86A13E612A6FAF0100B5EE83 /* PBXContainerItemProxy */ = {
			isa = PBXContainerItemProxy;
			containerPortal = 861B23512A2B5E160099CA6D /* Project object */;
			proxyType = 1;
			remoteGlobalIDString = 86A13E4D2A6FAF0000B5EE83;
			remoteInfo = StorageService;
		};
/* End PBXContainerItemProxy section */

/* Begin PBXCopyFilesBuildPhase section */
		86A13E652A6FAF0100B5EE83 /* Embed Frameworks */ = {
			isa = PBXCopyFilesBuildPhase;
			buildActionMask = 2147483647;
			dstPath = "";
			dstSubfolderSpec = 10;
			files = (
				86A13E642A6FAF0100B5EE83 /* StorageService.framework in Embed Frameworks */,
			);
			name = "Embed Frameworks";
			runOnlyForDeploymentPostprocessing = 0;
		};
/* End PBXCopyFilesBuildPhase section */

/* Begin PBXFileReference section */
		1C791E6BAD1AA1416401AD2D /* Pods-StorageService.release.xcconfig */ = {isa = PBXFileReference; includeInIndex = 1; lastKnownFileType = text.xcconfig; name = "Pods-StorageService.release.xcconfig"; path = "Target Support Files/Pods-StorageService/Pods-StorageService.release.xcconfig"; sourceTree = "<group>"; };
		26D4924589924DE1BF490699 /* Pods-StorageService-StorageServiceTests.debug.xcconfig */ = {isa = PBXFileReference; includeInIndex = 1; lastKnownFileType = text.xcconfig; name = "Pods-StorageService-StorageServiceTests.debug.xcconfig"; path = "Target Support Files/Pods-StorageService-StorageServiceTests/Pods-StorageService-StorageServiceTests.debug.xcconfig"; sourceTree = "<group>"; };
		3273361F8E7406C701BFCC2D /* Pods_Navigation.framework */ = {isa = PBXFileReference; explicitFileType = wrapper.framework; includeInIndex = 0; path = Pods_Navigation.framework; sourceTree = BUILT_PRODUCTS_DIR; };
		343A874C834C17D0AE385C79 /* Pods_StorageService.framework */ = {isa = PBXFileReference; explicitFileType = wrapper.framework; includeInIndex = 0; path = Pods_StorageService.framework; sourceTree = BUILT_PRODUCTS_DIR; };
		501195E4B257FFB627E92AA3 /* Pods-StorageService-StorageServiceTests.release.xcconfig */ = {isa = PBXFileReference; includeInIndex = 1; lastKnownFileType = text.xcconfig; name = "Pods-StorageService-StorageServiceTests.release.xcconfig"; path = "Target Support Files/Pods-StorageService-StorageServiceTests/Pods-StorageService-StorageServiceTests.release.xcconfig"; sourceTree = "<group>"; };
		65AFFD407F54D740D29EA4E8 /* Pods-Navigation.release.xcconfig */ = {isa = PBXFileReference; includeInIndex = 1; lastKnownFileType = text.xcconfig; name = "Pods-Navigation.release.xcconfig"; path = "Target Support Files/Pods-Navigation/Pods-Navigation.release.xcconfig"; sourceTree = "<group>"; };
		861B23592A2B5E160099CA6D /* Navigation.app */ = {isa = PBXFileReference; explicitFileType = wrapper.application; includeInIndex = 0; path = Navigation.app; sourceTree = BUILT_PRODUCTS_DIR; };
		861B235C2A2B5E160099CA6D /* AppDelegate.swift */ = {isa = PBXFileReference; lastKnownFileType = sourcecode.swift; path = AppDelegate.swift; sourceTree = "<group>"; };
		861B235E2A2B5E160099CA6D /* SceneDelegate.swift */ = {isa = PBXFileReference; lastKnownFileType = sourcecode.swift; path = SceneDelegate.swift; sourceTree = "<group>"; };
		861B23602A2B5E160099CA6D /* ViewController.swift */ = {isa = PBXFileReference; lastKnownFileType = sourcecode.swift; path = ViewController.swift; sourceTree = "<group>"; };
		861B23652A2B5E180099CA6D /* Assets.xcassets */ = {isa = PBXFileReference; lastKnownFileType = folder.assetcatalog; path = Assets.xcassets; sourceTree = "<group>"; };
		861B23682A2B5E180099CA6D /* Base */ = {isa = PBXFileReference; lastKnownFileType = file.storyboard; name = Base; path = Base.lproj/LaunchScreen.storyboard; sourceTree = "<group>"; };
		861B236A2A2B5E180099CA6D /* Info.plist */ = {isa = PBXFileReference; lastKnownFileType = text.plist.xml; path = Info.plist; sourceTree = "<group>"; };
		863C03672A4B0F4C006C40EB /* LogInViewController.swift */ = {isa = PBXFileReference; lastKnownFileType = sourcecode.swift; path = LogInViewController.swift; sourceTree = "<group>"; };
		865720142A3B246F00F6B3F6 /* InfoViewController.swift */ = {isa = PBXFileReference; lastKnownFileType = sourcecode.swift; path = InfoViewController.swift; sourceTree = "<group>"; };
		865720162A3B252300F6B3F6 /* FeedViewController.swift */ = {isa = PBXFileReference; lastKnownFileType = sourcecode.swift; path = FeedViewController.swift; sourceTree = "<group>"; };
		865720182A3B25A600F6B3F6 /* PostViewController.swift */ = {isa = PBXFileReference; lastKnownFileType = sourcecode.swift; path = PostViewController.swift; sourceTree = "<group>"; };
		865A9B052A5673FF00929A10 /* Post.swift */ = {isa = PBXFileReference; lastKnownFileType = sourcecode.swift; path = Post.swift; sourceTree = "<group>"; };
		867ED7B52A597106001A1D22 /* PostTableViewCell.swift */ = {isa = PBXFileReference; lastKnownFileType = sourcecode.swift; path = PostTableViewCell.swift; sourceTree = "<group>"; };
		869F01FA2A349217007456E6 /* ProfileTableHeaderView.swift */ = {isa = PBXFileReference; lastKnownFileType = sourcecode.swift; path = ProfileTableHeaderView.swift; sourceTree = "<group>"; };
		869F01FC2A349500007456E6 /* ProfileViewController.swift */ = {isa = PBXFileReference; lastKnownFileType = sourcecode.swift; path = ProfileViewController.swift; sourceTree = "<group>"; };
		86A13E4E2A6FAF0000B5EE83 /* StorageService.framework */ = {isa = PBXFileReference; explicitFileType = wrapper.framework; includeInIndex = 0; path = StorageService.framework; sourceTree = BUILT_PRODUCTS_DIR; };
		86A13E502A6FAF0000B5EE83 /* StorageService.h */ = {isa = PBXFileReference; lastKnownFileType = sourcecode.c.h; path = StorageService.h; sourceTree = "<group>"; };
		86A13E512A6FAF0000B5EE83 /* StorageService.docc */ = {isa = PBXFileReference; lastKnownFileType = folder.documentationcatalog; path = StorageService.docc; sourceTree = "<group>"; };
		86A13E572A6FAF0100B5EE83 /* StorageServiceTests.xctest */ = {isa = PBXFileReference; explicitFileType = wrapper.cfbundle; includeInIndex = 0; path = StorageServiceTests.xctest; sourceTree = BUILT_PRODUCTS_DIR; };
		86A13E5E2A6FAF0100B5EE83 /* StorageServiceTests.swift */ = {isa = PBXFileReference; lastKnownFileType = sourcecode.swift; path = StorageServiceTests.swift; sourceTree = "<group>"; };
		CAC69692BAE0FAA5A2C132D4 /* Pods_StorageService_StorageServiceTests.framework */ = {isa = PBXFileReference; explicitFileType = wrapper.framework; includeInIndex = 0; path = Pods_StorageService_StorageServiceTests.framework; sourceTree = BUILT_PRODUCTS_DIR; };
		D44422B912B7D2110830EE83 /* Pods-Navigation.debug.xcconfig */ = {isa = PBXFileReference; includeInIndex = 1; lastKnownFileType = text.xcconfig; name = "Pods-Navigation.debug.xcconfig"; path = "Target Support Files/Pods-Navigation/Pods-Navigation.debug.xcconfig"; sourceTree = "<group>"; };
		ED8026C13BCECBBBC30E8DD1 /* Pods-StorageService.debug.xcconfig */ = {isa = PBXFileReference; includeInIndex = 1; lastKnownFileType = text.xcconfig; name = "Pods-StorageService.debug.xcconfig"; path = "Target Support Files/Pods-StorageService/Pods-StorageService.debug.xcconfig"; sourceTree = "<group>"; };
/* End PBXFileReference section */

/* Begin PBXFrameworksBuildPhase section */
		861B23562A2B5E160099CA6D /* Frameworks */ = {
			isa = PBXFrameworksBuildPhase;
			buildActionMask = 2147483647;
			files = (
				866B30BA2A725B4E001CADFB /* iOSIntPackage in Frameworks */,
				86A13E632A6FAF0100B5EE83 /* StorageService.framework in Frameworks */,
				491F60C4D028122285CFED00 /* Pods_Navigation.framework in Frameworks */,
			);
			runOnlyForDeploymentPostprocessing = 0;
		};
		86A13E4B2A6FAF0000B5EE83 /* Frameworks */ = {
			isa = PBXFrameworksBuildPhase;
			buildActionMask = 2147483647;
			files = (
				7484B0E289DD9430D2C5D028 /* Pods_StorageService.framework in Frameworks */,
			);
			runOnlyForDeploymentPostprocessing = 0;
		};
		86A13E542A6FAF0100B5EE83 /* Frameworks */ = {
			isa = PBXFrameworksBuildPhase;
			buildActionMask = 2147483647;
			files = (
				86A13E582A6FAF0100B5EE83 /* StorageService.framework in Frameworks */,
				91E7F480E132EF38A6FD69B8 /* Pods_StorageService_StorageServiceTests.framework in Frameworks */,
			);
			runOnlyForDeploymentPostprocessing = 0;
		};
/* End PBXFrameworksBuildPhase section */

/* Begin PBXGroup section */
		19BAC39A48CB331C043002DB /* Frameworks */ = {
			isa = PBXGroup;
			children = (
				3273361F8E7406C701BFCC2D /* Pods_Navigation.framework */,
				343A874C834C17D0AE385C79 /* Pods_StorageService.framework */,
				CAC69692BAE0FAA5A2C132D4 /* Pods_StorageService_StorageServiceTests.framework */,
			);
			name = Frameworks;
			sourceTree = "<group>";
		};
		3E780B7630BC1B6A65A6A287 /* Pods */ = {
			isa = PBXGroup;
			children = (
				D44422B912B7D2110830EE83 /* Pods-Navigation.debug.xcconfig */,
				65AFFD407F54D740D29EA4E8 /* Pods-Navigation.release.xcconfig */,
				ED8026C13BCECBBBC30E8DD1 /* Pods-StorageService.debug.xcconfig */,
				1C791E6BAD1AA1416401AD2D /* Pods-StorageService.release.xcconfig */,
				26D4924589924DE1BF490699 /* Pods-StorageService-StorageServiceTests.debug.xcconfig */,
				501195E4B257FFB627E92AA3 /* Pods-StorageService-StorageServiceTests.release.xcconfig */,
			);
			path = Pods;
			sourceTree = "<group>";
		};
		861B23502A2B5E160099CA6D = {
			isa = PBXGroup;
			children = (
				861B235B2A2B5E160099CA6D /* Navigation */,
				86A13E4F2A6FAF0000B5EE83 /* StorageService */,
				86A13E5D2A6FAF0100B5EE83 /* StorageServiceTests */,
				861B235A2A2B5E160099CA6D /* Products */,
				3E780B7630BC1B6A65A6A287 /* Pods */,
				19BAC39A48CB331C043002DB /* Frameworks */,
			);
			sourceTree = "<group>";
		};
		861B235A2A2B5E160099CA6D /* Products */ = {
			isa = PBXGroup;
			children = (
				861B23592A2B5E160099CA6D /* Navigation.app */,
				86A13E4E2A6FAF0000B5EE83 /* StorageService.framework */,
				86A13E572A6FAF0100B5EE83 /* StorageServiceTests.xctest */,
			);
			name = Products;
			sourceTree = "<group>";
		};
		861B235B2A2B5E160099CA6D /* Navigation */ = {
			isa = PBXGroup;
			children = (
				869F01F92A3491D4007456E6 /* Profile */,
				861B235C2A2B5E160099CA6D /* AppDelegate.swift */,
				861B235E2A2B5E160099CA6D /* SceneDelegate.swift */,
				861B23602A2B5E160099CA6D /* ViewController.swift */,
				865720142A3B246F00F6B3F6 /* InfoViewController.swift */,
				865720162A3B252300F6B3F6 /* FeedViewController.swift */,
				865720182A3B25A600F6B3F6 /* PostViewController.swift */,
				861B23652A2B5E180099CA6D /* Assets.xcassets */,
				861B23672A2B5E180099CA6D /* LaunchScreen.storyboard */,
				861B236A2A2B5E180099CA6D /* Info.plist */,
			);
			path = Navigation;
			sourceTree = "<group>";
		};
		869F01F92A3491D4007456E6 /* Profile */ = {
			isa = PBXGroup;
			children = (
				869F01FA2A349217007456E6 /* ProfileTableHeaderView.swift */,
				869F01FC2A349500007456E6 /* ProfileViewController.swift */,
				863C03672A4B0F4C006C40EB /* LogInViewController.swift */,
				867ED7B52A597106001A1D22 /* PostTableViewCell.swift */,
			);
			path = Profile;
			sourceTree = "<group>";
		};
		86A13E4F2A6FAF0000B5EE83 /* StorageService */ = {
			isa = PBXGroup;
			children = (
				865A9B052A5673FF00929A10 /* Post.swift */,
				86A13E502A6FAF0000B5EE83 /* StorageService.h */,
				86A13E512A6FAF0000B5EE83 /* StorageService.docc */,
			);
			path = StorageService;
			sourceTree = "<group>";
		};
		86A13E5D2A6FAF0100B5EE83 /* StorageServiceTests */ = {
			isa = PBXGroup;
			children = (
				86A13E5E2A6FAF0100B5EE83 /* StorageServiceTests.swift */,
			);
			path = StorageServiceTests;
			sourceTree = "<group>";
		};
/* End PBXGroup section */

/* Begin PBXHeadersBuildPhase section */
		86A13E492A6FAF0000B5EE83 /* Headers */ = {
			isa = PBXHeadersBuildPhase;
			buildActionMask = 2147483647;
			files = (
				86A13E602A6FAF0100B5EE83 /* StorageService.h in Headers */,
			);
			runOnlyForDeploymentPostprocessing = 0;
		};
/* End PBXHeadersBuildPhase section */

/* Begin PBXNativeTarget section */
		861B23582A2B5E160099CA6D /* Navigation */ = {
			isa = PBXNativeTarget;
			buildConfigurationList = 861B236D2A2B5E180099CA6D /* Build configuration list for PBXNativeTarget "Navigation" */;
			buildPhases = (
				FFCF24ED2BBDC7BD75A04A53 /* [CP] Check Pods Manifest.lock */,
				861B23552A2B5E160099CA6D /* Sources */,
				861B23562A2B5E160099CA6D /* Frameworks */,
				861B23572A2B5E160099CA6D /* Resources */,
				86A13E652A6FAF0100B5EE83 /* Embed Frameworks */,
				91C7FC374F8B9D8E2A429A7C /* [CP] Embed Pods Frameworks */,
			);
			buildRules = (
			);
			dependencies = (
				86A13E622A6FAF0100B5EE83 /* PBXTargetDependency */,
			);
			name = Navigation;
			packageProductDependencies = (
				866B30B92A725B4E001CADFB /* iOSIntPackage */,
			);
			productName = Navigation;
			productReference = 861B23592A2B5E160099CA6D /* Navigation.app */;
			productType = "com.apple.product-type.application";
		};
		86A13E4D2A6FAF0000B5EE83 /* StorageService */ = {
			isa = PBXNativeTarget;
			buildConfigurationList = 86A13E6A2A6FAF0100B5EE83 /* Build configuration list for PBXNativeTarget "StorageService" */;
			buildPhases = (
				1A6ED1B4DBFB14E26871DC5B /* [CP] Check Pods Manifest.lock */,
				86A13E492A6FAF0000B5EE83 /* Headers */,
				86A13E4A2A6FAF0000B5EE83 /* Sources */,
				86A13E4B2A6FAF0000B5EE83 /* Frameworks */,
				86A13E4C2A6FAF0000B5EE83 /* Resources */,
			);
			buildRules = (
			);
			dependencies = (
			);
			name = StorageService;
			productName = StorageService;
			productReference = 86A13E4E2A6FAF0000B5EE83 /* StorageService.framework */;
			productType = "com.apple.product-type.framework";
		};
		86A13E562A6FAF0100B5EE83 /* StorageServiceTests */ = {
			isa = PBXNativeTarget;
			buildConfigurationList = 86A13E6B2A6FAF0100B5EE83 /* Build configuration list for PBXNativeTarget "StorageServiceTests" */;
			buildPhases = (
				6477977F094590E73555562D /* [CP] Check Pods Manifest.lock */,
				86A13E532A6FAF0100B5EE83 /* Sources */,
				86A13E542A6FAF0100B5EE83 /* Frameworks */,
				86A13E552A6FAF0100B5EE83 /* Resources */,
			);
			buildRules = (
			);
			dependencies = (
				86A13E5A2A6FAF0100B5EE83 /* PBXTargetDependency */,
				86A13E5C2A6FAF0100B5EE83 /* PBXTargetDependency */,
			);
			name = StorageServiceTests;
			productName = StorageServiceTests;
			productReference = 86A13E572A6FAF0100B5EE83 /* StorageServiceTests.xctest */;
			productType = "com.apple.product-type.bundle.unit-test";
		};
/* End PBXNativeTarget section */

/* Begin PBXProject section */
		861B23512A2B5E160099CA6D /* Project object */ = {
			isa = PBXProject;
			attributes = {
				BuildIndependentTargetsInParallel = 1;
				LastSwiftUpdateCheck = 1420;
				LastUpgradeCheck = 1420;
				TargetAttributes = {
					861B23582A2B5E160099CA6D = {
						CreatedOnToolsVersion = 14.2;
					};
					86A13E4D2A6FAF0000B5EE83 = {
						CreatedOnToolsVersion = 14.2;
					};
					86A13E562A6FAF0100B5EE83 = {
						CreatedOnToolsVersion = 14.2;
						TestTargetID = 861B23582A2B5E160099CA6D;
					};
				};
			};
			buildConfigurationList = 861B23542A2B5E160099CA6D /* Build configuration list for PBXProject "Navigation" */;
			compatibilityVersion = "Xcode 13.0";
			developmentRegion = en;
			hasScannedForEncodings = 0;
			knownRegions = (
				en,
				Base,
			);
			mainGroup = 861B23502A2B5E160099CA6D;
			packageReferences = (
				866B30B82A725B4E001CADFB /* XCRemoteSwiftPackageReference "iOSIntPackage" */,
			);
			productRefGroup = 861B235A2A2B5E160099CA6D /* Products */;
			projectDirPath = "";
			projectRoot = "";
			targets = (
				861B23582A2B5E160099CA6D /* Navigation */,
				86A13E4D2A6FAF0000B5EE83 /* StorageService */,
				86A13E562A6FAF0100B5EE83 /* StorageServiceTests */,
			);
		};
/* End PBXProject section */

/* Begin PBXResourcesBuildPhase section */
		861B23572A2B5E160099CA6D /* Resources */ = {
			isa = PBXResourcesBuildPhase;
			buildActionMask = 2147483647;
			files = (
				861B23692A2B5E180099CA6D /* LaunchScreen.storyboard in Resources */,
				861B23662A2B5E180099CA6D /* Assets.xcassets in Resources */,
			);
			runOnlyForDeploymentPostprocessing = 0;
		};
		86A13E4C2A6FAF0000B5EE83 /* Resources */ = {
			isa = PBXResourcesBuildPhase;
			buildActionMask = 2147483647;
			files = (
			);
			runOnlyForDeploymentPostprocessing = 0;
		};
		86A13E552A6FAF0100B5EE83 /* Resources */ = {
			isa = PBXResourcesBuildPhase;
			buildActionMask = 2147483647;
			files = (
			);
			runOnlyForDeploymentPostprocessing = 0;
		};
/* End PBXResourcesBuildPhase section */

/* Begin PBXShellScriptBuildPhase section */
		1A6ED1B4DBFB14E26871DC5B /* [CP] Check Pods Manifest.lock */ = {
			isa = PBXShellScriptBuildPhase;
			buildActionMask = 2147483647;
			files = (
			);
			inputFileListPaths = (
			);
			inputPaths = (
				"${PODS_PODFILE_DIR_PATH}/Podfile.lock",
				"${PODS_ROOT}/Manifest.lock",
			);
			name = "[CP] Check Pods Manifest.lock";
			outputFileListPaths = (
			);
			outputPaths = (
				"$(DERIVED_FILE_DIR)/Pods-StorageService-checkManifestLockResult.txt",
			);
			runOnlyForDeploymentPostprocessing = 0;
			shellPath = /bin/sh;
			shellScript = "diff \"${PODS_PODFILE_DIR_PATH}/Podfile.lock\" \"${PODS_ROOT}/Manifest.lock\" > /dev/null\nif [ $? != 0 ] ; then\n    # print error to STDERR\n    echo \"error: The sandbox is not in sync with the Podfile.lock. Run 'pod install' or update your CocoaPods installation.\" >&2\n    exit 1\nfi\n# This output is used by Xcode 'outputs' to avoid re-running this script phase.\necho \"SUCCESS\" > \"${SCRIPT_OUTPUT_FILE_0}\"\n";
			showEnvVarsInLog = 0;
		};
		6477977F094590E73555562D /* [CP] Check Pods Manifest.lock */ = {
			isa = PBXShellScriptBuildPhase;
			buildActionMask = 2147483647;
			files = (
			);
			inputFileListPaths = (
			);
			inputPaths = (
				"${PODS_PODFILE_DIR_PATH}/Podfile.lock",
				"${PODS_ROOT}/Manifest.lock",
			);
			name = "[CP] Check Pods Manifest.lock";
			outputFileListPaths = (
			);
			outputPaths = (
				"$(DERIVED_FILE_DIR)/Pods-StorageService-StorageServiceTests-checkManifestLockResult.txt",
			);
			runOnlyForDeploymentPostprocessing = 0;
			shellPath = /bin/sh;
			shellScript = "diff \"${PODS_PODFILE_DIR_PATH}/Podfile.lock\" \"${PODS_ROOT}/Manifest.lock\" > /dev/null\nif [ $? != 0 ] ; then\n    # print error to STDERR\n    echo \"error: The sandbox is not in sync with the Podfile.lock. Run 'pod install' or update your CocoaPods installation.\" >&2\n    exit 1\nfi\n# This output is used by Xcode 'outputs' to avoid re-running this script phase.\necho \"SUCCESS\" > \"${SCRIPT_OUTPUT_FILE_0}\"\n";
			showEnvVarsInLog = 0;
		};
		91C7FC374F8B9D8E2A429A7C /* [CP] Embed Pods Frameworks */ = {
			isa = PBXShellScriptBuildPhase;
			buildActionMask = 2147483647;
			files = (
			);
			inputFileListPaths = (
				"${PODS_ROOT}/Target Support Files/Pods-Navigation/Pods-Navigation-frameworks-${CONFIGURATION}-input-files.xcfilelist",
			);
			name = "[CP] Embed Pods Frameworks";
			outputFileListPaths = (
				"${PODS_ROOT}/Target Support Files/Pods-Navigation/Pods-Navigation-frameworks-${CONFIGURATION}-output-files.xcfilelist",
			);
			runOnlyForDeploymentPostprocessing = 0;
			shellPath = /bin/sh;
			shellScript = "\"${PODS_ROOT}/Target Support Files/Pods-Navigation/Pods-Navigation-frameworks.sh\"\n";
			showEnvVarsInLog = 0;
		};
		FFCF24ED2BBDC7BD75A04A53 /* [CP] Check Pods Manifest.lock */ = {
			isa = PBXShellScriptBuildPhase;
			buildActionMask = 2147483647;
			files = (
			);
			inputFileListPaths = (
			);
			inputPaths = (
				"${PODS_PODFILE_DIR_PATH}/Podfile.lock",
				"${PODS_ROOT}/Manifest.lock",
			);
			name = "[CP] Check Pods Manifest.lock";
			outputFileListPaths = (
			);
			outputPaths = (
				"$(DERIVED_FILE_DIR)/Pods-Navigation-checkManifestLockResult.txt",
			);
			runOnlyForDeploymentPostprocessing = 0;
			shellPath = /bin/sh;
			shellScript = "diff \"${PODS_PODFILE_DIR_PATH}/Podfile.lock\" \"${PODS_ROOT}/Manifest.lock\" > /dev/null\nif [ $? != 0 ] ; then\n    # print error to STDERR\n    echo \"error: The sandbox is not in sync with the Podfile.lock. Run 'pod install' or update your CocoaPods installation.\" >&2\n    exit 1\nfi\n# This output is used by Xcode 'outputs' to avoid re-running this script phase.\necho \"SUCCESS\" > \"${SCRIPT_OUTPUT_FILE_0}\"\n";
			showEnvVarsInLog = 0;
		};
/* End PBXShellScriptBuildPhase section */

/* Begin PBXSourcesBuildPhase section */
		861B23552A2B5E160099CA6D /* Sources */ = {
			isa = PBXSourcesBuildPhase;
			buildActionMask = 2147483647;
			files = (
				865720192A3B25A600F6B3F6 /* PostViewController.swift in Sources */,
				861B23612A2B5E160099CA6D /* ViewController.swift in Sources */,
				863C03682A4B0F4C006C40EB /* LogInViewController.swift in Sources */,
				861B235D2A2B5E160099CA6D /* AppDelegate.swift in Sources */,
				869F01FD2A349500007456E6 /* ProfileViewController.swift in Sources */,
				861B235F2A2B5E160099CA6D /* SceneDelegate.swift in Sources */,
				865720152A3B246F00F6B3F6 /* InfoViewController.swift in Sources */,
				869F01FB2A349217007456E6 /* ProfileTableHeaderView.swift in Sources */,
				865720172A3B252300F6B3F6 /* FeedViewController.swift in Sources */,
				867ED7B62A597106001A1D22 /* PostTableViewCell.swift in Sources */,
			);
			runOnlyForDeploymentPostprocessing = 0;
		};
		86A13E4A2A6FAF0000B5EE83 /* Sources */ = {
			isa = PBXSourcesBuildPhase;
			buildActionMask = 2147483647;
			files = (
				86A13E522A6FAF0000B5EE83 /* StorageService.docc in Sources */,
				86A13E6C2A6FB0FA00B5EE83 /* Post.swift in Sources */,
			);
			runOnlyForDeploymentPostprocessing = 0;
		};
		86A13E532A6FAF0100B5EE83 /* Sources */ = {
			isa = PBXSourcesBuildPhase;
			buildActionMask = 2147483647;
			files = (
				86A13E5F2A6FAF0100B5EE83 /* StorageServiceTests.swift in Sources */,
			);
			runOnlyForDeploymentPostprocessing = 0;
		};
/* End PBXSourcesBuildPhase section */

/* Begin PBXTargetDependency section */
		86A13E5A2A6FAF0100B5EE83 /* PBXTargetDependency */ = {
			isa = PBXTargetDependency;
			target = 86A13E4D2A6FAF0000B5EE83 /* StorageService */;
			targetProxy = 86A13E592A6FAF0100B5EE83 /* PBXContainerItemProxy */;
		};
		86A13E5C2A6FAF0100B5EE83 /* PBXTargetDependency */ = {
			isa = PBXTargetDependency;
			target = 861B23582A2B5E160099CA6D /* Navigation */;
			targetProxy = 86A13E5B2A6FAF0100B5EE83 /* PBXContainerItemProxy */;
		};
		86A13E622A6FAF0100B5EE83 /* PBXTargetDependency */ = {
			isa = PBXTargetDependency;
			target = 86A13E4D2A6FAF0000B5EE83 /* StorageService */;
			targetProxy = 86A13E612A6FAF0100B5EE83 /* PBXContainerItemProxy */;
		};
/* End PBXTargetDependency section */

/* Begin PBXVariantGroup section */
		861B23672A2B5E180099CA6D /* LaunchScreen.storyboard */ = {
			isa = PBXVariantGroup;
			children = (
				861B23682A2B5E180099CA6D /* Base */,
			);
			name = LaunchScreen.storyboard;
			sourceTree = "<group>";
		};
/* End PBXVariantGroup section */

/* Begin XCBuildConfiguration section */
		861B236B2A2B5E180099CA6D /* Debug */ = {
			isa = XCBuildConfiguration;
			buildSettings = {
				ALWAYS_SEARCH_USER_PATHS = NO;
				CLANG_ANALYZER_NONNULL = YES;
				CLANG_ANALYZER_NUMBER_OBJECT_CONVERSION = YES_AGGRESSIVE;
				CLANG_CXX_LANGUAGE_STANDARD = "gnu++20";
				CLANG_ENABLE_MODULES = YES;
				CLANG_ENABLE_OBJC_ARC = YES;
				CLANG_ENABLE_OBJC_WEAK = YES;
				CLANG_WARN_BLOCK_CAPTURE_AUTORELEASING = YES;
				CLANG_WARN_BOOL_CONVERSION = YES;
				CLANG_WARN_COMMA = YES;
				CLANG_WARN_CONSTANT_CONVERSION = YES;
				CLANG_WARN_DEPRECATED_OBJC_IMPLEMENTATIONS = YES;
				CLANG_WARN_DIRECT_OBJC_ISA_USAGE = YES_ERROR;
				CLANG_WARN_DOCUMENTATION_COMMENTS = YES;
				CLANG_WARN_EMPTY_BODY = YES;
				CLANG_WARN_ENUM_CONVERSION = YES;
				CLANG_WARN_INFINITE_RECURSION = YES;
				CLANG_WARN_INT_CONVERSION = YES;
				CLANG_WARN_NON_LITERAL_NULL_CONVERSION = YES;
				CLANG_WARN_OBJC_IMPLICIT_RETAIN_SELF = YES;
				CLANG_WARN_OBJC_LITERAL_CONVERSION = YES;
				CLANG_WARN_OBJC_ROOT_CLASS = YES_ERROR;
				CLANG_WARN_QUOTED_INCLUDE_IN_FRAMEWORK_HEADER = YES;
				CLANG_WARN_RANGE_LOOP_ANALYSIS = YES;
				CLANG_WARN_STRICT_PROTOTYPES = YES;
				CLANG_WARN_SUSPICIOUS_MOVE = YES;
				CLANG_WARN_UNGUARDED_AVAILABILITY = YES_AGGRESSIVE;
				CLANG_WARN_UNREACHABLE_CODE = YES;
				CLANG_WARN__DUPLICATE_METHOD_MATCH = YES;
				COPY_PHASE_STRIP = NO;
				DEBUG_INFORMATION_FORMAT = dwarf;
				ENABLE_STRICT_OBJC_MSGSEND = YES;
				ENABLE_TESTABILITY = YES;
				GCC_C_LANGUAGE_STANDARD = gnu11;
				GCC_DYNAMIC_NO_PIC = NO;
				GCC_NO_COMMON_BLOCKS = YES;
				GCC_OPTIMIZATION_LEVEL = 0;
				GCC_PREPROCESSOR_DEFINITIONS = (
					"DEBUG=1",
					"$(inherited)",
				);
				GCC_WARN_64_TO_32_BIT_CONVERSION = YES;
				GCC_WARN_ABOUT_RETURN_TYPE = YES_ERROR;
				GCC_WARN_UNDECLARED_SELECTOR = YES;
				GCC_WARN_UNINITIALIZED_AUTOS = YES_AGGRESSIVE;
				GCC_WARN_UNUSED_FUNCTION = YES;
				GCC_WARN_UNUSED_VARIABLE = YES;
				IPHONEOS_DEPLOYMENT_TARGET = 16.2;
				MTL_ENABLE_DEBUG_INFO = INCLUDE_SOURCE;
				MTL_FAST_MATH = YES;
				ONLY_ACTIVE_ARCH = YES;
				SDKROOT = iphoneos;
				SWIFT_ACTIVE_COMPILATION_CONDITIONS = DEBUG;
				SWIFT_OPTIMIZATION_LEVEL = "-Onone";
			};
			name = Debug;
		};
		861B236C2A2B5E180099CA6D /* Release */ = {
			isa = XCBuildConfiguration;
			buildSettings = {
				ALWAYS_SEARCH_USER_PATHS = NO;
				CLANG_ANALYZER_NONNULL = YES;
				CLANG_ANALYZER_NUMBER_OBJECT_CONVERSION = YES_AGGRESSIVE;
				CLANG_CXX_LANGUAGE_STANDARD = "gnu++20";
				CLANG_ENABLE_MODULES = YES;
				CLANG_ENABLE_OBJC_ARC = YES;
				CLANG_ENABLE_OBJC_WEAK = YES;
				CLANG_WARN_BLOCK_CAPTURE_AUTORELEASING = YES;
				CLANG_WARN_BOOL_CONVERSION = YES;
				CLANG_WARN_COMMA = YES;
				CLANG_WARN_CONSTANT_CONVERSION = YES;
				CLANG_WARN_DEPRECATED_OBJC_IMPLEMENTATIONS = YES;
				CLANG_WARN_DIRECT_OBJC_ISA_USAGE = YES_ERROR;
				CLANG_WARN_DOCUMENTATION_COMMENTS = YES;
				CLANG_WARN_EMPTY_BODY = YES;
				CLANG_WARN_ENUM_CONVERSION = YES;
				CLANG_WARN_INFINITE_RECURSION = YES;
				CLANG_WARN_INT_CONVERSION = YES;
				CLANG_WARN_NON_LITERAL_NULL_CONVERSION = YES;
				CLANG_WARN_OBJC_IMPLICIT_RETAIN_SELF = YES;
				CLANG_WARN_OBJC_LITERAL_CONVERSION = YES;
				CLANG_WARN_OBJC_ROOT_CLASS = YES_ERROR;
				CLANG_WARN_QUOTED_INCLUDE_IN_FRAMEWORK_HEADER = YES;
				CLANG_WARN_RANGE_LOOP_ANALYSIS = YES;
				CLANG_WARN_STRICT_PROTOTYPES = YES;
				CLANG_WARN_SUSPICIOUS_MOVE = YES;
				CLANG_WARN_UNGUARDED_AVAILABILITY = YES_AGGRESSIVE;
				CLANG_WARN_UNREACHABLE_CODE = YES;
				CLANG_WARN__DUPLICATE_METHOD_MATCH = YES;
				COPY_PHASE_STRIP = NO;
				DEBUG_INFORMATION_FORMAT = "dwarf-with-dsym";
				ENABLE_NS_ASSERTIONS = NO;
				ENABLE_STRICT_OBJC_MSGSEND = YES;
				GCC_C_LANGUAGE_STANDARD = gnu11;
				GCC_NO_COMMON_BLOCKS = YES;
				GCC_WARN_64_TO_32_BIT_CONVERSION = YES;
				GCC_WARN_ABOUT_RETURN_TYPE = YES_ERROR;
				GCC_WARN_UNDECLARED_SELECTOR = YES;
				GCC_WARN_UNINITIALIZED_AUTOS = YES_AGGRESSIVE;
				GCC_WARN_UNUSED_FUNCTION = YES;
				GCC_WARN_UNUSED_VARIABLE = YES;
				IPHONEOS_DEPLOYMENT_TARGET = 16.2;
				MTL_ENABLE_DEBUG_INFO = NO;
				MTL_FAST_MATH = YES;
				SDKROOT = iphoneos;
				SWIFT_COMPILATION_MODE = wholemodule;
				SWIFT_OPTIMIZATION_LEVEL = "-O";
				VALIDATE_PRODUCT = YES;
			};
			name = Release;
		};
		861B236E2A2B5E180099CA6D /* Debug */ = {
			isa = XCBuildConfiguration;
			baseConfigurationReference = D44422B912B7D2110830EE83 /* Pods-Navigation.debug.xcconfig */;
			buildSettings = {
				ALWAYS_EMBED_SWIFT_STANDARD_LIBRARIES = YES;
				ASSETCATALOG_COMPILER_APPICON_NAME = AppIcon;
				ASSETCATALOG_COMPILER_GLOBAL_ACCENT_COLOR_NAME = AccentColor;
				CODE_SIGN_STYLE = Automatic;
				CURRENT_PROJECT_VERSION = 1;
				GENERATE_INFOPLIST_FILE = YES;
				INFOPLIST_FILE = Navigation/Info.plist;
				INFOPLIST_KEY_UIApplicationSupportsIndirectInputEvents = YES;
				INFOPLIST_KEY_UILaunchStoryboardName = LaunchScreen;
				INFOPLIST_KEY_UISupportedInterfaceOrientations = "UIInterfaceOrientationLandscapeLeft UIInterfaceOrientationLandscapeRight UIInterfaceOrientationPortrait UIInterfaceOrientationPortraitUpsideDown";
				LD_RUNPATH_SEARCH_PATHS = (
					"$(inherited)",
					"@executable_path/Frameworks",
				);
				MARKETING_VERSION = 1.0;
				PRODUCT_BUNDLE_IDENTIFIER = gordeeva.Navigation;
				PRODUCT_NAME = "$(TARGET_NAME)";
				SUPPORTED_PLATFORMS = "iphoneos iphonesimulator";
				SUPPORTS_MACCATALYST = NO;
				SUPPORTS_MAC_DESIGNED_FOR_IPHONE_IPAD = NO;
				SWIFT_EMIT_LOC_STRINGS = YES;
				SWIFT_VERSION = 5.0;
				TARGETED_DEVICE_FAMILY = 1;
			};
			name = Debug;
		};
		861B236F2A2B5E180099CA6D /* Release */ = {
			isa = XCBuildConfiguration;
			baseConfigurationReference = 65AFFD407F54D740D29EA4E8 /* Pods-Navigation.release.xcconfig */;
			buildSettings = {
				ALWAYS_EMBED_SWIFT_STANDARD_LIBRARIES = YES;
				ASSETCATALOG_COMPILER_APPICON_NAME = AppIcon;
				ASSETCATALOG_COMPILER_GLOBAL_ACCENT_COLOR_NAME = AccentColor;
				CODE_SIGN_STYLE = Automatic;
				CURRENT_PROJECT_VERSION = 1;
				GENERATE_INFOPLIST_FILE = YES;
				INFOPLIST_FILE = Navigation/Info.plist;
				INFOPLIST_KEY_UIApplicationSupportsIndirectInputEvents = YES;
				INFOPLIST_KEY_UILaunchStoryboardName = LaunchScreen;
				INFOPLIST_KEY_UISupportedInterfaceOrientations = "UIInterfaceOrientationLandscapeLeft UIInterfaceOrientationLandscapeRight UIInterfaceOrientationPortrait UIInterfaceOrientationPortraitUpsideDown";
				LD_RUNPATH_SEARCH_PATHS = (
					"$(inherited)",
					"@executable_path/Frameworks",
				);
				MARKETING_VERSION = 1.0;
				PRODUCT_BUNDLE_IDENTIFIER = gordeeva.Navigation;
				PRODUCT_NAME = "$(TARGET_NAME)";
				SUPPORTED_PLATFORMS = "iphoneos iphonesimulator";
				SUPPORTS_MACCATALYST = NO;
				SUPPORTS_MAC_DESIGNED_FOR_IPHONE_IPAD = NO;
				SWIFT_EMIT_LOC_STRINGS = YES;
				SWIFT_VERSION = 5.0;
				TARGETED_DEVICE_FAMILY = 1;
			};
			name = Release;
		};
		86A13E662A6FAF0100B5EE83 /* Debug */ = {
			isa = XCBuildConfiguration;
			baseConfigurationReference = ED8026C13BCECBBBC30E8DD1 /* Pods-StorageService.debug.xcconfig */;
			buildSettings = {
				CODE_SIGN_STYLE = Automatic;
				CURRENT_PROJECT_VERSION = 1;
				DEFINES_MODULE = YES;
				DYLIB_COMPATIBILITY_VERSION = 1;
				DYLIB_CURRENT_VERSION = 1;
				DYLIB_INSTALL_NAME_BASE = "@rpath";
				GENERATE_INFOPLIST_FILE = YES;
				INFOPLIST_KEY_NSHumanReadableCopyright = "";
				INSTALL_PATH = "$(LOCAL_LIBRARY_DIR)/Frameworks";
				LD_RUNPATH_SEARCH_PATHS = (
					"$(inherited)",
					"@executable_path/Frameworks",
					"@loader_path/Frameworks",
				);
				MARKETING_VERSION = 1.0;
				PRODUCT_BUNDLE_IDENTIFIER = gordeeva.StorageService;
				PRODUCT_NAME = "$(TARGET_NAME:c99extidentifier)";
				SKIP_INSTALL = YES;
				SWIFT_EMIT_LOC_STRINGS = YES;
				SWIFT_VERSION = 5.0;
				TARGETED_DEVICE_FAMILY = "1,2";
				VERSIONING_SYSTEM = "apple-generic";
				VERSION_INFO_PREFIX = "";
			};
			name = Debug;
		};
		86A13E672A6FAF0100B5EE83 /* Release */ = {
			isa = XCBuildConfiguration;
			baseConfigurationReference = 1C791E6BAD1AA1416401AD2D /* Pods-StorageService.release.xcconfig */;
			buildSettings = {
				CODE_SIGN_STYLE = Automatic;
				CURRENT_PROJECT_VERSION = 1;
				DEFINES_MODULE = YES;
				DYLIB_COMPATIBILITY_VERSION = 1;
				DYLIB_CURRENT_VERSION = 1;
				DYLIB_INSTALL_NAME_BASE = "@rpath";
				GENERATE_INFOPLIST_FILE = YES;
				INFOPLIST_KEY_NSHumanReadableCopyright = "";
				INSTALL_PATH = "$(LOCAL_LIBRARY_DIR)/Frameworks";
				LD_RUNPATH_SEARCH_PATHS = (
					"$(inherited)",
					"@executable_path/Frameworks",
					"@loader_path/Frameworks",
				);
				MARKETING_VERSION = 1.0;
				PRODUCT_BUNDLE_IDENTIFIER = gordeeva.StorageService;
				PRODUCT_NAME = "$(TARGET_NAME:c99extidentifier)";
				SKIP_INSTALL = YES;
				SWIFT_EMIT_LOC_STRINGS = YES;
				SWIFT_VERSION = 5.0;
				TARGETED_DEVICE_FAMILY = "1,2";
				VERSIONING_SYSTEM = "apple-generic";
				VERSION_INFO_PREFIX = "";
			};
			name = Release;
		};
		86A13E682A6FAF0100B5EE83 /* Debug */ = {
			isa = XCBuildConfiguration;
			baseConfigurationReference = 26D4924589924DE1BF490699 /* Pods-StorageService-StorageServiceTests.debug.xcconfig */;
			buildSettings = {
				ALWAYS_EMBED_SWIFT_STANDARD_LIBRARIES = YES;
				CODE_SIGN_STYLE = Automatic;
				CURRENT_PROJECT_VERSION = 1;
				GENERATE_INFOPLIST_FILE = YES;
				MARKETING_VERSION = 1.0;
				PRODUCT_BUNDLE_IDENTIFIER = gordeeva.StorageServiceTests;
				PRODUCT_NAME = "$(TARGET_NAME)";
				SWIFT_EMIT_LOC_STRINGS = NO;
				SWIFT_VERSION = 5.0;
				TARGETED_DEVICE_FAMILY = "1,2";
				TEST_HOST = "$(BUILT_PRODUCTS_DIR)/Navigation.app/$(BUNDLE_EXECUTABLE_FOLDER_PATH)/Navigation";
			};
			name = Debug;
		};
		86A13E692A6FAF0100B5EE83 /* Release */ = {
			isa = XCBuildConfiguration;
			baseConfigurationReference = 501195E4B257FFB627E92AA3 /* Pods-StorageService-StorageServiceTests.release.xcconfig */;
			buildSettings = {
				ALWAYS_EMBED_SWIFT_STANDARD_LIBRARIES = YES;
				CODE_SIGN_STYLE = Automatic;
				CURRENT_PROJECT_VERSION = 1;
				GENERATE_INFOPLIST_FILE = YES;
				MARKETING_VERSION = 1.0;
				PRODUCT_BUNDLE_IDENTIFIER = gordeeva.StorageServiceTests;
				PRODUCT_NAME = "$(TARGET_NAME)";
				SWIFT_EMIT_LOC_STRINGS = NO;
				SWIFT_VERSION = 5.0;
				TARGETED_DEVICE_FAMILY = "1,2";
				TEST_HOST = "$(BUILT_PRODUCTS_DIR)/Navigation.app/$(BUNDLE_EXECUTABLE_FOLDER_PATH)/Navigation";
			};
			name = Release;
		};
/* End XCBuildConfiguration section */

/* Begin XCConfigurationList section */
		861B23542A2B5E160099CA6D /* Build configuration list for PBXProject "Navigation" */ = {
			isa = XCConfigurationList;
			buildConfigurations = (
				861B236B2A2B5E180099CA6D /* Debug */,
				861B236C2A2B5E180099CA6D /* Release */,
			);
			defaultConfigurationIsVisible = 0;
			defaultConfigurationName = Release;
		};
		861B236D2A2B5E180099CA6D /* Build configuration list for PBXNativeTarget "Navigation" */ = {
			isa = XCConfigurationList;
			buildConfigurations = (
				861B236E2A2B5E180099CA6D /* Debug */,
				861B236F2A2B5E180099CA6D /* Release */,
			);
			defaultConfigurationIsVisible = 0;
			defaultConfigurationName = Release;
		};
		86A13E6A2A6FAF0100B5EE83 /* Build configuration list for PBXNativeTarget "StorageService" */ = {
			isa = XCConfigurationList;
			buildConfigurations = (
				86A13E662A6FAF0100B5EE83 /* Debug */,
				86A13E672A6FAF0100B5EE83 /* Release */,
			);
			defaultConfigurationIsVisible = 0;
			defaultConfigurationName = Release;
		};
		86A13E6B2A6FAF0100B5EE83 /* Build configuration list for PBXNativeTarget "StorageServiceTests" */ = {
			isa = XCConfigurationList;
			buildConfigurations = (
				86A13E682A6FAF0100B5EE83 /* Debug */,
				86A13E692A6FAF0100B5EE83 /* Release */,
			);
			defaultConfigurationIsVisible = 0;
			defaultConfigurationName = Release;
		};
/* End XCConfigurationList section */

/* Begin XCRemoteSwiftPackageReference section */
		866B30B82A725B4E001CADFB /* XCRemoteSwiftPackageReference "iOSIntPackage" */ = {
			isa = XCRemoteSwiftPackageReference;
			repositoryURL = "https://github.com/TrueMax/iOSIntPackage";
			requirement = {
				kind = upToNextMajorVersion;
				minimumVersion = 2.0.0;
			};
		};
/* End XCRemoteSwiftPackageReference section */

/* Begin XCSwiftPackageProductDependency section */
		866B30B92A725B4E001CADFB /* iOSIntPackage */ = {
			isa = XCSwiftPackageProductDependency;
			package = 866B30B82A725B4E001CADFB /* XCRemoteSwiftPackageReference "iOSIntPackage" */;
			productName = iOSIntPackage;
		};
/* End XCSwiftPackageProductDependency section */
	};
	rootObject = 861B23512A2B5E160099CA6D /* Project object */;
}
